{
  "version": 2,
  "dependencies": {
    "net9.0": {
      "GitVersion.MsBuild": {
        "type": "Direct",
        "requested": "[6.3.0, )",
        "resolved": "6.3.0",
        "contentHash": "suTxk2mb96kABSJZrSGvzh9423fVbdOM18nSQOrLbp0tKrX+khi1ytfkHzoPI0I2xvmDzTsfKtHDd61Zc5MX0A=="
      }
    }
  }
}