{
  "version": 2,
  "dependencies": {
    "net10.0": {
      "GitVersion.MsBuild": {
        "type": "Direct",
        "requested": "[6.7.0, )",
        "resolved": "6.7.0",
        "contentHash": "0W5NHnfnogX0pfidRcJfqzfb8Yc/avBfq1qVuaHiHIjbtsjKHt9IFtt18p/ttCCeJlJe9fQliQ3pSkZQcibXlw=="
      },
      "NewStyleCop.Analyzers": {
        "type": "Direct",
        "requested": "[1.2.1, )",
        "resolved": "1.2.1",
        "contentHash": "20cG97DtMBpl6bPZ8Ito8JBidTusgP71x3SUcEMSQ08XIdX1ArVixtY2UK7aUi/GN3qCP2Ryp0U9AbtrYqBCzQ=="
      },
      "Scalar.AspNetCore": {
        "type": "Direct",
        "requested": "[2.13.17, )",
        "resolved": "2.13.17",
        "contentHash": "v44WF0m58HBwaUiZVrvuetICcoaf2ZvIYu8JxsaJRRtsrNLlCIqjCcncTTDIy7pUiC2r2EO3eCJqcqGaTKZplQ=="
      },
      "Asp.Versioning.Abstractions": {
        "type": "Transitive",
        "resolved": "8.1.0",
        "contentHash": "mpeNZyMdvrHztJwR1sXIUQ+3iioEU97YMBnFA9WLbsPOYhGwDJnqJMmEd8ny7kcmS9OjTHoEuX/bSXXY3brIFA=="
      },
      "Asp.Versioning.Http": {
        "type": "Transitive",
        "resolved": "8.1.1",
        "contentHash": "1D/Mzq1MSUSQe1eCY6GeEsu+tIlpzoWZxZkhlcw/uvtVoTrwO+BMl0fSj/XX8oZN1DutWTZqHDHgyDRq+IeSdQ==",
        "dependencies": {
          "Asp.Versioning.Abstractions": "8.1.0"
        }
      },
      "Asp.Versioning.Mvc": {
        "type": "Transitive",
        "resolved": "8.1.1",
        "contentHash": "mkJv6eAdlbHbqTdrUcfEYFoZuGL6HoR7O+Lfsvivixp7N5BNhfCFPPOwsBzdIiH1qzdJXyJf+C+DZ08j27PMPg==",
        "dependencies": {
          "Asp.Versioning.Http": "8.1.1"
        }
      },
      "Microsoft.Bcl.TimeProvider": {
        "type": "Transitive",
        "resolved": "8.0.1",
        "contentHash": "C7kWHJnMRY7EvJev2S8+yJHZ1y7A4ZlLbA4NE+O23BDIAN5mHeqND1m+SKv1ChRS5YlCDW7yAMUe7lttRsJaAA=="
      },
      "Microsoft.FeatureManagement": {
        "type": "Transitive",
        "resolved": "4.4.0",
        "contentHash": "qxvGAv9WJHYfOpixWywJTa1WNTPy5MbQiv+O+UlE6E/LVofiM1+YRR6m41zsHIbAGm1S0PQ0QFuAsOw9DkoKsg==",
        "dependencies": {
          "Microsoft.Bcl.TimeProvider": "8.0.1"
        }
      },
      "Microsoft.IdentityModel.Abstractions": {
        "type": "Transitive",
        "resolved": "8.17.0",
        "contentHash": "6NrxQGcZg6IunkN8K2F0UVMavNpfCjbjjjON7PYcL8FwI8aULKUreiHsRX/yaA8j3XsTJnQKUYpoQk5gBjULZw=="
      },
      "Microsoft.IdentityModel.JsonWebTokens": {
        "type": "Transitive",
        "resolved": "8.17.0",
        "contentHash": "JbFZ3OVwtvqcqgBL0cIkhRYbIP7u9GIUYLOgbNqLWtBtZY8tGDpdGyXMzUVX0gVHq1ovuHsKZrkVv+ziHEnBHw==",
        "dependencies": {
          "Microsoft.IdentityModel.Tokens": "8.17.0"
        }
      },
      "Microsoft.IdentityModel.Logging": {
        "type": "Transitive",
        "resolved": "8.17.0",
        "contentHash": "w1vjfri0BWqW7RkSZY3ZsqekNfIJJg5BQSFs2j+a+pCXOVrkezmJcn74pT3djwjXJh71577C6wJQgNc2UPz30w==",
        "dependencies": {
          "Microsoft.IdentityModel.Abstractions": "8.17.0"
        }
      },
      "Microsoft.IdentityModel.Protocols": {
        "type": "Transitive",
        "resolved": "8.17.0",
        "contentHash": "TYbO2KMvWvu8bxbEDCgzggNckCGjwr6NxFf2VYW7PpmCRbsoMNNgVYlCiRvy748t6gj5MJ8v/jcqWrcLMg6PaQ==",
        "dependencies": {
          "Microsoft.IdentityModel.Tokens": "8.17.0"
        }
      },
      "Microsoft.IdentityModel.Tokens": {
        "type": "Transitive",
        "resolved": "8.17.0",
        "contentHash": "teaW35URIV2x78Tzk+dVJiC4M62/9mQoSEoDjDGoEZmcQa3H2rE+XQpm9Tmdo9KK1Lcrnve4zoyLavl69kCFGg==",
        "dependencies": {
          "Microsoft.IdentityModel.Logging": "8.17.0"
        }
      },
      "Microsoft.OpenApi": {
        "type": "Transitive",
        "resolved": "2.0.0",
        "contentHash": "GGYLfzV/G/ct80OZ45JxnWP7NvMX1BCugn/lX7TH5o0lcVaviavsLMTxmFV2AybXWjbi3h6FF1vgZiTK6PXndw=="
      },
      "System.IdentityModel.Tokens.Jwt": {
        "type": "Transitive",
        "resolved": "8.17.0",
        "contentHash": "nKikRYheDeSaXA3wGr2otwaiRFygBa25m+hc7MEomZVIEWZvKVqd8wgP9yn+8QpLRGgw//dUs4LErGx9gtVmAA==",
        "dependencies": {
          "Microsoft.IdentityModel.JsonWebTokens": "8.17.0",
          "Microsoft.IdentityModel.Tokens": "8.17.0"
        }
      },
      "Kritikos.AspNetCore.FeatureManagementOptions": {
        "type": "Project",
        "dependencies": {
          "Microsoft.FeatureManagement.AspNetCore": "[4.4.0, )"
        }
      },
      "Kritikos.AspNetCore.MinimalApiExtensions": {
        "type": "Project",
        "dependencies": {
          "Kritikos.Extensions.Options.DependencyInjection": "[1.0.0, )"
        }
      },
      "Kritikos.AspNetCore.OpenApiExtensions": {
        "type": "Project",
        "dependencies": {
          "Kritikos.AspNetCore.MinimalApiExtensions": "[1.0.0, )",
          "Microsoft.AspNetCore.OpenApi": "[10.0.5, )"
        }
      },
      "Kritikos.AspNetCore.OpenApiFeatureManagementOptions": {
        "type": "Project",
        "dependencies": {
          "Kritikos.AspNetCore.FeatureManagementOptions": "[1.0.0, )",
          "Kritikos.AspNetCore.OpenApiExtensions": "[1.0.0, )"
        }
      },
      "Kritikos.AspNetCore.OpenApiOidcExtensions": {
        "type": "Project",
        "dependencies": {
          "Kritikos.AspNetCore.OpenApiExtensions": "[1.0.0, )",
          "Microsoft.AspNetCore.Authentication.OpenIdConnect": "[10.0.5, )"
        }
      },
      "Kritikos.AspNetCore.OpenApiVersioningOptions": {
        "type": "Project",
        "dependencies": {
          "Kritikos.AspNetCore.OpenApiExtensions": "[1.0.0, )",
          "Kritikos.AspNetCore.VersioningOptions": "[1.0.0, )"
        }
      },
      "Kritikos.AspNetCore.VersioningOptions": {
        "type": "Project",
        "dependencies": {
          "Asp.Versioning.Mvc.ApiExplorer": "[8.1.1, )",
          "Kritikos.AspNetCore.MinimalApiExtensions": "[1.0.0, )"
        }
      },
      "Kritikos.Extensions.Options": {
        "type": "Project"
      },
      "Kritikos.Extensions.Options.DependencyInjection": {
        "type": "Project",
        "dependencies": {
          "Kritikos.Extensions.Options": "[1.0.0, )"
        }
      },
      "Asp.Versioning.Mvc.ApiExplorer": {
        "type": "CentralTransitive",
        "requested": "[8.1.1, )",
        "resolved": "8.1.1",
        "contentHash": "u8PrP6CjmurgIh0EDfg8Gc/GdpDHgkbv8OLKdxQcWb5W4sp0i9BcdbQlLvRcATjNIJUyr7ZmqXjmdsFfqnuy0g==",
        "dependencies": {
          "Asp.Versioning.Mvc": "8.1.1"
        }
      },
      "Microsoft.AspNetCore.Authentication.OpenIdConnect": {
        "type": "CentralTransitive",
        "requested": "[10.0.5, )",
        "resolved": "10.0.5",
        "contentHash": "MPODD1XR3wu+QbVBpId+uO7yGfhSr1ZIdiPrqzbApHlVUdi2Va29elIKYaROaZd5ksvYWtPnurvHPzTrzg1UnQ==",
        "dependencies": {
          "Microsoft.IdentityModel.Protocols.OpenIdConnect": "8.0.1"
        }
      },
      "Microsoft.AspNetCore.OpenApi": {
        "type": "CentralTransitive",
        "requested": "[10.0.5, )",
        "resolved": "10.0.5",
        "contentHash": "vTcxIfOPyfFbYk1g8YcXJfkMnlEWVkSnnjxcZLy60zgwiHMRf2SnZR+9E4HlpwKxgE3yfKMOti8J6WfKuKsw6w==",
        "dependencies": {
          "Microsoft.OpenApi": "2.0.0"
        }
      },
      "Microsoft.FeatureManagement.AspNetCore": {
        "type": "CentralTransitive",
        "requested": "[4.4.0, )",
        "resolved": "4.4.0",
        "contentHash": "jE5KxeEDUnUsx1w9uOFV5cOfM4E2mg7kf07328xO1x4JdoS0jwkD55nMjTlUPu90ynYX1oCBGC+FHK6ZoqRpxA==",
        "dependencies": {
          "Microsoft.FeatureManagement": "4.4.0"
        }
      },
      "Microsoft.IdentityModel.Protocols.OpenIdConnect": {
        "type": "CentralTransitive",
        "requested": "[8.17.0, )",
        "resolved": "8.17.0",
        "contentHash": "8DuZM96o2epBioyp56Q+H8bdGwO8FnU4nQMa0c6pboe9+monH9PZGY+CHKmsdw90ObJ5OXtiKG1TWuLbJp2VvQ==",
        "dependencies": {
          "Microsoft.IdentityModel.Protocols": "8.17.0",
          "System.IdentityModel.Tokens.Jwt": "8.17.0"
        }
      }
    }
  }
}