{
  "version": 2,
  "dependencies": {
    "net9.0": {
      "GitVersion.MsBuild": {
        "type": "Direct",
        "requested": "[6.5.0, )",
        "resolved": "6.5.0",
        "contentHash": "OYBNhjZd8GcUusZWkoVCSFNujzG9fINpWi59YCax+6DXLJciu1RNC+TXSspgrACR6FMUdVDNqKNMHzB7B+X+jQ=="
      },
      "Microsoft.EntityFrameworkCore": {
        "type": "Direct",
        "requested": "[9.0.11, )",
        "resolved": "9.0.11",
        "contentHash": "lqqV6JEmVv8s0Y/25RnKtYZ6qL+Vz14wEsrBV1ubVUyzDGrOp+10XJ54HNuRLUzdvzVPR2uQ5li/CPrBj0kQHg==",
        "dependencies": {
          "Microsoft.EntityFrameworkCore.Abstractions": "9.0.11",
          "Microsoft.EntityFrameworkCore.Analyzers": "9.0.11",
          "Microsoft.Extensions.Caching.Memory": "9.0.11",
          "Microsoft.Extensions.Logging": "9.0.11"
        }
      },
      "Microsoft.Sbom.Targets": {
        "type": "Direct",
        "requested": "[4.1.3, )",
        "resolved": "4.1.3",
        "contentHash": "ItQp7LZ5irnDYoyYkxOxuik9mULFviFQOgGJ1j5A7a2EAJK9bidT1aT65xg48Opcjao/BKJWOtJUnik2g3grLg=="
      },
      "NewStyleCop.Analyzers": {
        "type": "Direct",
        "requested": "[1.2.0, )",
        "resolved": "1.2.0",
        "contentHash": "zLM0XCv+fdibf0QivRJaFyLAt3SmmxDGrGlLhgqlMq1IPbgnfVFH4KzFLjh1/27pRnWuhwDjELe/mZDwbes0nA=="
      },
      "Microsoft.EntityFrameworkCore.Abstractions": {
        "type": "Transitive",
        "resolved": "9.0.11",
        "contentHash": "MHcdHm7vF71MfqYC68Jx9YfDAjxcuClGBZJk5zcJDRhVO4HgX+QFsOqcAisKWb20aBeF0IN1YkSktnEUf/tmLQ=="
      },
      "Microsoft.EntityFrameworkCore.Analyzers": {
        "type": "Transitive",
        "resolved": "9.0.11",
        "contentHash": "ccEk88YkXXWV+s5ZS+27UoY5YUVzgx8mq7kl+e05+AgJPGLhtmpQL26LxqBV1StJZEl2KaL8BxzABvXTXBAkoQ=="
      },
      "Microsoft.Extensions.Caching.Abstractions": {
        "type": "Transitive",
        "resolved": "9.0.11",
        "contentHash": "PRv1SPyrgl/ullMF6eKDuEULRkTc10fVcnWvzFhqIMDA3m5f91znKH9ZNsKZBgu4xVc4ulNt7TEXyyt0rdlB3g==",
        "dependencies": {
          "Microsoft.Extensions.Primitives": "9.0.11"
        }
      },
      "Microsoft.Extensions.Caching.Memory": {
        "type": "Transitive",
        "resolved": "9.0.11",
        "contentHash": "J77oUeVZXdMoiUiCPkL4v13KrNRuMQnSHHw78cTh/2ZidyiMFm8jhu49OUKvNydMUX8ZcuM5g8uohW18YaglMw==",
        "dependencies": {
          "Microsoft.Extensions.Caching.Abstractions": "9.0.11",
          "Microsoft.Extensions.DependencyInjection.Abstractions": "9.0.11",
          "Microsoft.Extensions.Logging.Abstractions": "9.0.11",
          "Microsoft.Extensions.Options": "9.0.11",
          "Microsoft.Extensions.Primitives": "9.0.11"
        }
      },
      "Microsoft.Extensions.DependencyInjection": {
        "type": "Transitive",
        "resolved": "9.0.11",
        "contentHash": "UquyDzvz0EneIQrrU67GJkIgynS+VD7t+RDtNv6VgKMOFrLBjldn6hzlXppGGecFMvAkMTqn4T8RYvzw7j7fQA==",
        "dependencies": {
          "Microsoft.Extensions.DependencyInjection.Abstractions": "9.0.11"
        }
      },
      "Microsoft.Extensions.Logging": {
        "type": "Transitive",
        "resolved": "9.0.11",
        "contentHash": "PVHYgMmMZFEE3PGpc7oZ9CnoyNonNyT5klrV9pNIzCPxL12FpQ7kNhliXAwowmtaDVBmKnG/1db6d7gqPwDj8g==",
        "dependencies": {
          "Microsoft.Extensions.DependencyInjection": "9.0.11",
          "Microsoft.Extensions.Logging.Abstractions": "9.0.11",
          "Microsoft.Extensions.Options": "9.0.11"
        }
      },
      "Microsoft.Extensions.Options": {
        "type": "Transitive",
        "resolved": "9.0.11",
        "contentHash": "HX4M3BLkW1dtByMKHDVq6r7Jy6e4hf8NDzHpIgz7C8BtYk9JQHhfYX5c1UheQTD5Veg1yBhz/cD9C8vtrGrk9w==",
        "dependencies": {
          "Microsoft.Extensions.DependencyInjection.Abstractions": "9.0.11",
          "Microsoft.Extensions.Primitives": "9.0.11"
        }
      },
      "Microsoft.Extensions.Primitives": {
        "type": "Transitive",
        "resolved": "9.0.11",
        "contentHash": "rtUNSIhbQTv8iSBTFvtg2b/ZUkoqC9qAH9DdC2hr+xPpoZrxiCITci9UR/ELUGUGnGUrF8Xye+tGVRhCxE+4LA=="
      },
      "Microsoft.Extensions.DependencyInjection.Abstractions": {
        "type": "CentralTransitive",
        "requested": "[10.0.0, )",
        "resolved": "9.0.11",
        "contentHash": "+ZxxZzcVU+IEzq12GItUzf/V3mEc5nSLiXijwvDc4zyhbjvSZZ043giSZqGnhakrjwRWjkerIHPrRwm9okEIpw=="
      },
      "Microsoft.Extensions.Logging.Abstractions": {
        "type": "CentralTransitive",
        "requested": "[10.0.0, )",
        "resolved": "9.0.11",
        "contentHash": "UKWFTDwtZQIoypyt1YPVsxTnDK+0sKn26+UeSGeNlkRQddrkt9EC6kP4g94rgO/WOZkz94bKNlF1dVZN3QfPFQ==",
        "dependencies": {
          "Microsoft.Extensions.DependencyInjection.Abstractions": "9.0.11"
        }
      }
    }
  }
}