<Solution>
  <Folder Name="/Assets/">
    <File Path="icon.png" />
    <File Path="LICENSE.md" />
    <File Path="README.md" />
  </Folder>
  <Folder Name="/Configuration/">
    <File Path=".editorconfig" />
    <File Path=".gitignore" />
    <File Path=".globalconfig" />
    <File Path=".runsettings" />
    <File Path="Directory.Build.props" />
    <File Path="Directory.Build.targets" />
    <File Path="Directory.Packages.props" />
    <File Path="GitVersion.yml" />
    <File Path="stylecop.json" />
    <File Path="xunit.runner.json" />
  </Folder>
  <Folder Name="/samples/">
    <Project Path="samples\PetStore.WebApi\PetStore.WebApi.csproj" Type="Classic C#" />
    <File Path="samples\Directory.Build.props" />
  </Folder>
  <Folder Name="/src/">
    <Project Path="src\AspNetCore.FeatureManagementOptions\AspNetCore.FeatureManagementOptions.csproj" Type="Classic C#" />
    <Project Path="src\AspNetCore.MinimalApiExtensions\AspNetCore.MinimalApiExtensions.csproj" Type="Classic C#" />
    <Project Path="src\AspNetCore.OpenApiExtensions\AspNetCore.OpenApiExtensions.csproj" Type="Classic C#" />
    <Project Path="src\AspNetCore.OpenApiFeatureManagementOptions\AspNetCore.OpenApiFeatureManagementOptions.csproj" Type="Classic C#" />
    <Project Path="src\AspNetCore.OpenApiOidcExtensions\AspNetCore.OpenApiOidcExtensions.csproj" Type="Classic C#" />
    <Project Path="src\AspNetCore.OpenApiVersioningOptions\AspNetCore.OpenApiVersioningOptions.csproj" Type="Classic C#" />
    <Project Path="src\AspNetCore.VersioningOptions\AspNetCore.VersioningOptions.csproj" Type="Classic C#" />
    <Project Path="src\Extensions.Options.DependencyInjection\Extensions.Options.DependencyInjection.csproj" Type="Classic C#" />
    <Project Path="src\Extensions.Options\Extensions.Options.csproj" Type="Classic C#" />
    <Project Path="src\HttpClient.AuthenticationHandlers\HttpClient.AuthenticationHandlers.csproj" Type="Classic C#" />
    <Project Path="src\HttpClient.Handlers\HttpClient.Handlers.csproj" Type="Classic C#" />
    <Project Path="src\PagedResults\PagedResults.csproj" Type="Classic C#" />
    <Project Path="src\SemanticVersioning.DependencyInjection\SemanticVersioning.DependencyInjection.csproj" Type="Classic C#" />
    <Project Path="src\SemanticVersioning\SemanticVersioning.csproj" Type="Classic C#" />
    <File Path="src\Directory.Build.props" />
  </Folder>
  <Folder Name="/tests/">
    <Project Path="tests\AspNetCore.FeatureManagementOptionTests\AspNetCore.FeatureManagementOptionTests.csproj" Type="Classic C#" />
    <Project Path="tests\AspNetCore.MinimalApiExtensions.Tests\AspNetCore.MinimalApiExtensions.Tests.csproj" Type="Classic C#" />
    <Project Path="tests\AspNetCore.VersioningTests\AspNetCore.VersioningTests.csproj" Type="Classic C#" />
    <Project Path="tests\SemanticVersioning.Tests\SemanticVersioning.Tests.csproj" Type="Classic C#" />
    <File Path="tests\Directory.Build.props" />
  </Folder>
</Solution>
