{
  "version": 2,
  "dependencies": {
    "net9.0": {
      "GitVersion.MsBuild": {
        "type": "Direct",
        "requested": "[6.1.0, )",
        "resolved": "6.1.0",
        "contentHash": "qZFJ+vJQp/BybHH15RUq15Cg46tHXVKaxwdDFEvrA3MjClEXHpmDwKQzvaPOk9ysS2h6A+fOzcsyXiXqRbF5ZA=="
      },
      "Swashbuckle.AspNetCore": {
        "type": "Direct",
        "requested": "[7.2.0, )",
        "resolved": "7.2.0",
        "contentHash": "vJv19UpWm6OOgnS9QLDnWARNVasXUfj8SFvlG7UVALm4nBnfwRnEky7C0veSDqMUmBeMPC6Ec3d6G1ts/J04Uw==",
        "dependencies": {
          "Microsoft.Extensions.ApiDescription.Server": "6.0.5",
          "Swashbuckle.AspNetCore.Swagger": "7.2.0",
          "Swashbuckle.AspNetCore.SwaggerGen": "7.2.0",
          "Swashbuckle.AspNetCore.SwaggerUI": "7.2.0"
        }
      },
      "Swashbuckle.AspNetCore.Annotations": {
        "type": "Direct",
        "requested": "[7.2.0, )",
        "resolved": "7.2.0",
        "contentHash": "lWJ1+Pfks8T16dC2H1v41ZYPFs9iPZD/aRkpkPWoXjQ3zPaaEImdIUTdY5RRtoZJj6NeaL6mywMBIiJ5R0gH/g==",
        "dependencies": {
          "Swashbuckle.AspNetCore.SwaggerGen": "7.2.0"
        }
      },
      "Swashbuckle.AspNetCore.Filters": {
        "type": "Direct",
        "requested": "[8.0.2, )",
        "resolved": "8.0.2",
        "contentHash": "S4pR+265NwY9saAhK+3Jn2oL2Wfy0qvy9871b0KiEPW/iLPRgg2HrkrdMwC1wpjNkRXWGDFRRj+LkUD4lyuAaQ==",
        "dependencies": {
          "Microsoft.Extensions.DependencyInjection": "2.1.0",
          "Microsoft.OpenApi": "1.3.1",
          "Scrutor": "3.3.0",
          "Swashbuckle.AspNetCore.Filters.Abstractions": "8.0.2",
          "Swashbuckle.AspNetCore.SwaggerGen": "5.0.0"
        }
      },
      "Microsoft.Extensions.ApiDescription.Server": {
        "type": "Transitive",
        "resolved": "6.0.5",
        "contentHash": "Ckb5EDBUNJdFWyajfXzUIMRkhf52fHZOQuuZg/oiu8y7zDCVwD0iHhew6MnThjHmevanpxL3f5ci2TtHQEN6bw=="
      },
      "Microsoft.Extensions.DependencyInjection": {
        "type": "Transitive",
        "resolved": "2.1.0",
        "contentHash": "gqQviLfuA31PheEGi+XJoZc1bc9H9RsPa9Gq9XuDct7XGWSR9eVXjK5Sg7CSUPhTFHSuxUFY12wcTYLZ4zM1hg==",
        "dependencies": {
          "Microsoft.Extensions.DependencyInjection.Abstractions": "2.1.0"
        }
      },
      "Microsoft.Extensions.DependencyInjection.Abstractions": {
        "type": "Transitive",
        "resolved": "3.1.9",
        "contentHash": "8PkcaPwiTPOhqshoY4+rQUbz86X6YpLDLUqXOezh7L2A3pgpBmeBBByYIffofBlvQxDdQ0zB2DkWjbZWyCxRWg=="
      },
      "Microsoft.Extensions.DependencyModel": {
        "type": "Transitive",
        "resolved": "3.1.6",
        "contentHash": "/UlDKULIVkLQYn1BaHcy/rc91ApDxJb7T75HcCbGdqwvxhnRQRKM2di1E70iCPMF9zsr6f4EgQTotBGxFIfXmw==",
        "dependencies": {
          "System.Text.Json": "4.7.2"
        }
      },
      "Microsoft.OpenApi": {
        "type": "Transitive",
        "resolved": "1.6.22",
        "contentHash": "aBvunmrdu/x+4CaA/UP1Jx4xWGwk4kymhoIRnn2Vp+zi5/KOPQJ9EkSXHRUr01WcGKtYl3Au7XfkPJbU1G2sjQ=="
      },
      "Scrutor": {
        "type": "Transitive",
        "resolved": "3.3.0",
        "contentHash": "BwqCnFzp2/Z+pq17iztxlIkR/ZANyPRR4PdE57WL1w/JW4AM/2imoxBWTL3+G+YXA46ce4s9OUgwWqTXYrtI8A==",
        "dependencies": {
          "Microsoft.Extensions.DependencyInjection.Abstractions": "3.1.9",
          "Microsoft.Extensions.DependencyModel": "3.1.6"
        }
      },
      "Swashbuckle.AspNetCore.Filters.Abstractions": {
        "type": "Transitive",
        "resolved": "8.0.2",
        "contentHash": "RgQ1RbxmofrkBSrLkA/34DWwzz4rKHRwC4vHOvevru2CNqymUPn3kRhbIX29g4yvj2sCff1glf19djnyM9kuUQ=="
      },
      "Swashbuckle.AspNetCore.Swagger": {
        "type": "Transitive",
        "resolved": "7.2.0",
        "contentHash": "y27fNDfIh1vGhJjXYynLcZjl7DLOW1bSO2MDsY9wB4Zm1fdxpPsuBSiR4U+0acWlAqLmnuOPKr/OeOgwRUkBlw==",
        "dependencies": {
          "Microsoft.OpenApi": "1.6.22"
        }
      },
      "Swashbuckle.AspNetCore.SwaggerGen": {
        "type": "Transitive",
        "resolved": "7.2.0",
        "contentHash": "pMrTxGVuXM7t4wqft5CNNU8A0++Yw5kTLmYhB6tbEcyBfO8xEF/Y8pkJhO6BZ/2MYONrRYoQTfPFJqu8fOf5WQ==",
        "dependencies": {
          "Swashbuckle.AspNetCore.Swagger": "7.2.0"
        }
      },
      "Swashbuckle.AspNetCore.SwaggerUI": {
        "type": "Transitive",
        "resolved": "7.2.0",
        "contentHash": "hgrXeKzyp5OGN8qVvL7A+vhmU7mDJTfGpiMBRL66IcfLOyna8UTLtn3cC3CghamXpRDufcc9ciklTszUGEQK0w=="
      },
      "System.Text.Json": {
        "type": "Transitive",
        "resolved": "4.7.2",
        "contentHash": "TcMd95wcrubm9nHvJEQs70rC0H/8omiSGGpU4FQ/ZA1URIqD4pjmFJh2Mfv1yH1eHgJDWTi2hMDXwTET+zOOyg=="
      }
    }
  }
}